
Microsoft Visual Studio Solution File, Format Version 12.00
# Visual Studio Version 17
VisualStudioVersion = 17.5.002.0
MinimumVisualStudioVersion = 10.0.40219.1
Project("{2150E333-8FDC-42A3-9474-1A3956D46DE8}") = "src", "src", "{EFF9FB81-60D5-4964-A4A1-E599FBA63201}"
EndProject
Project("{2150E333-8FDC-42A3-9474-1A3956D46DE8}") = "DSA", "DSA", "{BE125670-14C9-443A-8080-FE2F1B786DA4}"
EndProject
Project("{2150E333-8FDC-42A3-9474-1A3956D46DE8}") = "DataStructure", "DataStructure", "{A2E86767-61FF-4FDE-9F2C-351ECB1CCFFB}"
EndProject
Project("{9A19103F-16F7-4668-BE54-9A1E7A4F7556}") = "CPPDeque", "src\DSA\DataStructure\CPPDeque\CPPDeque.csproj", "{BF71F1C9-6B91-4E30-83AD-98A629208933}"
EndProject
Project("{9A19103F-16F7-4668-BE54-9A1E7A4F7556}") = "DisjointSet-1", "src\DSA\DataStructure\DisjointSet-1\DisjointSet-1.csproj", "{9310FA82-3CE8-487F-9275-1258C988158A}"
EndProject
Project("{2150E333-8FDC-42A3-9474-1A3956D46DE8}") = "Graph", "Graph", "{6CC2D37D-A6BE-4D93-9E5E-D84186B7BC57}"
EndProject
Project("{9A19103F-16F7-4668-BE54-9A1E7A4F7556}") = "AdjacencyMatrix", "src\DSA\DataStructure\Graph\AdjacencyMatrix\AdjacencyMatrix.csproj", "{E968DD33-C877-4143-A578-3CDC8AB81A1F}"
EndProject
Project("{9A19103F-16F7-4668-BE54-9A1E7A4F7556}") = "BinarySearchTree", "src\DSA\DataStructure\Graph\BinarySearchTree\BinarySearchTree.csproj", "{BBBCFEF3-9EDC-4DF7-A8A6-285A485229DD}"
EndProject
Project("{2150E333-8FDC-42A3-9474-1A3956D46DE8}") = "LeetCode_Misc", "LeetCode_Misc", "{248500A9-0F95-464B-834F-9CE44128F555}"
EndProject
Project("{2150E333-8FDC-42A3-9474-1A3956D46DE8}") = "LeetCode-11-2022", "LeetCode-11-2022", "{AD3A70DC-439B-453C-8F69-72242F987AF2}"
EndProject
Project("{9A19103F-16F7-4668-BE54-9A1E7A4F7556}") = "1062.LongestRepeatingSubstring", "src\DSA\LeetCode_Misc\LeetCode-11-2022\1062.LongestRepeatingSubstring\1062.LongestRepeatingSubstring.csproj", "{30E4B602-F762-4005-B913-CC125B44B8D6}"
EndProject
Project("{9A19103F-16F7-4668-BE54-9A1E7A4F7556}") = "1143.LongestCommonSubsequence", "src\DSA\LeetCode_Misc\LeetCode-11-2022\1143.LongestCommonSubsequence\1143.LongestCommonSubsequence.csproj", "{91894FCD-88E3-44A0-B9C4-24A3077CAC08}"
EndProject
Project("{9A19103F-16F7-4668-BE54-9A1E7A4F7556}") = "151.ReverseWordIinAString", "src\DSA\LeetCode_Misc\LeetCode-11-2022\151.ReverseWordIinAString\151.ReverseWordIinAString.csproj", "{99D65BE3-64D5-42A3-A96F-041EAE28BFC6}"
EndProject
Project("{9A19103F-16F7-4668-BE54-9A1E7A4F7556}") = "ReverseBits", "src\DSA\LeetCode_Misc\LeetCode-11-2022\190. Reverse Bits\ReverseBits.csproj", "{4C99816F-A158-433B-8046-0EED6C1D52C7}"
EndProject
Project("{9A19103F-16F7-4668-BE54-9A1E7A4F7556}") = "198.HouseRobber", "src\DSA\LeetCode_Misc\LeetCode-11-2022\198.HouseRobber\198.HouseRobber.csproj", "{D478CF67-3AE0-419F-8586-83F3F1899FAD}"
EndProject
Project("{9A19103F-16F7-4668-BE54-9A1E7A4F7556}") = "206.ReversedLinkedList", "src\DSA\LeetCode_Misc\LeetCode-11-2022\206.ReversedLinkedList\206.ReversedLinkedList.csproj", "{AC4C74FB-F9E6-4A0A-BDB6-97740FB59C1D}"
EndProject
Project("{9A19103F-16F7-4668-BE54-9A1E7A4F7556}") = "NumberOfOneBits", "src\DSA\LeetCode_Misc\LeetCode-11-2022\233. Number of Digit One\NumberOfOneBits.csproj", "{9D381084-1C15-4541-9981-BC1BB410D0C8}"
EndProject
Project("{9A19103F-16F7-4668-BE54-9A1E7A4F7556}") = "MissingNumber", "src\DSA\LeetCode_Misc\LeetCode-11-2022\268. Missing Number\MissingNumber.csproj", "{07B35F66-DEE1-4979-A00E-878D395D5138}"
EndProject
Project("{9A19103F-16F7-4668-BE54-9A1E7A4F7556}") = "297.SerializeDeserializeBinaryTree", "src\DSA\LeetCode_Misc\LeetCode-11-2022\297.SerializeDeserializeBinaryTree\297.SerializeDeserializeBinaryTree.csproj", "{A3B5FD13-20AE-42BC-862C-4854BE134D90}"
EndProject
Project("{9A19103F-16F7-4668-BE54-9A1E7A4F7556}") = "300.LongestIncreasingSubsequence", "src\DSA\LeetCode_Misc\LeetCode-11-2022\300.LongestIncreasingSubsequence\300.LongestIncreasingSubsequence.csproj", "{7D7BDDA3-F735-4934-974E-C9128E929B25}"
EndProject
Project("{9A19103F-16F7-4668-BE54-9A1E7A4F7556}") = "322.CoinChange", "src\DSA\LeetCode_Misc\LeetCode-11-2022\322.CoinChange\322.CoinChange.csproj", "{4B0B1F3B-132E-4153-9BE3-BC5AC67A6951}"
EndProject
Project("{9A19103F-16F7-4668-BE54-9A1E7A4F7556}") = "CountingBits", "src\DSA\LeetCode_Misc\LeetCode-11-2022\338. Counting Bits\CountingBits.csproj", "{35EC9EB2-D48C-4AA1-B4A6-729409A541E4}"
EndProject
Project("{9A19103F-16F7-4668-BE54-9A1E7A4F7556}") = "350.IntersectionofTwoArraysII", "src\DSA\LeetCode_Misc\LeetCode-11-2022\350.IntersectionofTwoArraysII\350.IntersectionofTwoArraysII.csproj", "{2E1572A2-9B77-4974-949E-87D921E96C24}"
EndProject
Project("{9A19103F-16F7-4668-BE54-9A1E7A4F7556}") = "36.ValidSudoku", "src\DSA\LeetCode_Misc\LeetCode-11-2022\36.ValidSudoku\36.ValidSudoku.csproj", "{6442F085-AC9F-416E-AB22-93A4A7402758}"
EndProject
Project("{9A19103F-16F7-4668-BE54-9A1E7A4F7556}") = "377.CombinationSumIV", "src\DSA\LeetCode_Misc\LeetCode-11-2022\377.CombinationSumIV\377.CombinationSumIV.csproj", "{9165CB85-1AFB-432B-96D2-7311BCAD5D57}"
EndProject
Project("{9A19103F-16F7-4668-BE54-9A1E7A4F7556}") = "41.FirstMissingPositive", "src\DSA\LeetCode_Misc\LeetCode-11-2022\41.FirstMissingPositive\41.FirstMissingPositive.csproj", "{F873AC92-CBCB-4141-AAEA-F8EA2C55CDB7}"
EndProject
Project("{9A19103F-16F7-4668-BE54-9A1E7A4F7556}") = "48.RotateImage", "src\DSA\LeetCode_Misc\LeetCode-11-2022\48.RotateImage\48.RotateImage.csproj", "{65C17B67-279E-4A4A-8136-3B37FD28223E}"
EndProject
Project("{9A19103F-16F7-4668-BE54-9A1E7A4F7556}") = "498.DiagonalTraverse", "src\DSA\LeetCode_Misc\LeetCode-11-2022\498.DiagonalTraverse\498.DiagonalTraverse.csproj", "{CA9AD812-6AA4-4C21-A9A9-076E9AB1BC47}"
EndProject
Project("{9A19103F-16F7-4668-BE54-9A1E7A4F7556}") = "70-ClimbingStairs-Fibonacci", "src\DSA\LeetCode_Misc\LeetCode-11-2022\70.ClimbingStairs-Fibonacci\70-ClimbingStairs-Fibonacci.csproj", "{DE007F5F-B944-46BA-9010-A3C7336FF347}"
EndProject
Project("{9A19103F-16F7-4668-BE54-9A1E7A4F7556}") = "BoyerMooreMajorityElement", "src\DSA\LeetCode_Misc\LeetCode-11-2022\BoyerMooreMajorityElement\BoyerMooreMajorityElement.csproj", "{6E8E1D41-9CD1-40C4-9690-791E838F304C}"
EndProject
Project("{2150E333-8FDC-42A3-9474-1A3956D46DE8}") = "LeetCode-3-2023", "LeetCode-3-2023", "{71BB0661-1C96-411C-80ED-52A44384414A}"
EndProject
Project("{9A19103F-16F7-4668-BE54-9A1E7A4F7556}") = "17._Letter_Combinations_of_A_Phone_Number", "src\DSA\LeetCode_Misc\LeetCode-3-2023\17.Letter_Combinations_of_A_Phone_Number\17._Letter_Combinations_of_A_Phone_Number.csproj", "{840C12F4-A5E1-4FA8-A150-BA06F3C87995}"
EndProject
Project("{9A19103F-16F7-4668-BE54-9A1E7A4F7556}") = "287.Find_the_Duplicate_Number", "src\DSA\LeetCode_Misc\LeetCode-3-2023\287.Find_the_Duplicate_Number\287.Find_the_Duplicate_Number.csproj", "{B9D46B1B-F165-4AA9-BC44-46D02C87A39E}"
EndProject
Project("{9A19103F-16F7-4668-BE54-9A1E7A4F7556}") = "46.Permutation", "src\DSA\LeetCode_Misc\LeetCode-3-2023\46.Permutation\46.Permutation.csproj", "{F608BAD5-8391-4955-A135-42FD830D37C6}"
EndProject
Project("{9A19103F-16F7-4668-BE54-9A1E7A4F7556}") = "78.Subsets", "src\DSA\LeetCode_Misc\LeetCode-3-2023\78.Subsets\78.Subsets.csproj", "{83D8B6DA-7D4F-43A1-A753-D5E2A1FDB0F0}"
EndProject
Project("{2150E333-8FDC-42A3-9474-1A3956D46DE8}") = "Misc", "Misc", "{E160047A-4317-4455-B140-6AA3EF7E36E8}"
EndProject
Project("{2150E333-8FDC-42A3-9474-1A3956D46DE8}") = "Sorting", "Sorting", "{0C8F80F1-ABA0-44C7-8698-BEBBCAC48FF6}"
EndProject
Project("{9A19103F-16F7-4668-BE54-9A1E7A4F7556}") = "BubbleSort", "src\DSA\Misc\Sorting\BubbleSort\BubbleSort.csproj", "{7A95EAA3-BEBB-4104-8E1D-245311C85D44}"
EndProject
Project("{9A19103F-16F7-4668-BE54-9A1E7A4F7556}") = "QuickSort", "src\DSA\Misc\Sorting\QuickSort\QuickSort.csproj", "{B617EF0F-7233-4BDB-89BA-67CF981E49E7}"
EndProject
Project("{9A19103F-16F7-4668-BE54-9A1E7A4F7556}") = "SelectionSort", "src\DSA\Misc\Sorting\SelectionSort\SelectionSort.csproj", "{9605654E-5965-42F4-A2E0-7E2E5FA0A44A}"
EndProject
Project("{9A19103F-16F7-4668-BE54-9A1E7A4F7556}") = "SelectionSort-27-03-2023", "src\DSA\Misc\Sorting\SelectionSort-27-03-2023\SelectionSort-27-03-2023.csproj", "{8C9EDE8B-5BCC-4307-8065-444115CFD830}"
EndProject
Project("{9A19103F-16F7-4668-BE54-9A1E7A4F7556}") = "Sort2DArray", "src\DSA\Misc\Sorting\Sort2DArray\Sort2DArray.csproj", "{905463B7-4B67-44B6-B715-F0552629655D}"
EndProject
Project("{2150E333-8FDC-42A3-9474-1A3956D46DE8}") = "BFS", "BFS", "{5C2630C4-FB3C-47EA-8E12-8E05FCD92810}"
EndProject
Project("{9A19103F-16F7-4668-BE54-9A1E7A4F7556}") = "BFS_23-8-2023", "src\DSA\DataStructure\Graph\BFS\BFS_23-8-2023\BFS_23-8-2023.csproj", "{56179EC2-8F76-4767-A5F2-C6867AE4E32E}"
EndProject
Project("{2150E333-8FDC-42A3-9474-1A3956D46DE8}") = "BinaryTree", "BinaryTree", "{C32C2B96-EF48-46D5-B397-58CC6111A490}"
EndProject
Project("{9A19103F-16F7-4668-BE54-9A1E7A4F7556}") = "Traversal-1", "src\DSA\DataStructure\Graph\BinaryTree\BST-1\Traversal-1.csproj", "{7D738D98-A5AA-4531-90D1-A4BFA7333FC3}"
EndProject
Project("{2150E333-8FDC-42A3-9474-1A3956D46DE8}") = "DFS", "DFS", "{C12DCE69-682C-488C-978A-EC280E142F23}"
EndProject
Project("{9A19103F-16F7-4668-BE54-9A1E7A4F7556}") = "DFS-1", "src\DSA\DataStructure\Graph\DFS\DFS-1\DFS-1.csproj", "{25BFCC69-017E-4CAE-B1D4-97679B8C8050}"
EndProject
Project("{9A19103F-16F7-4668-BE54-9A1E7A4F7556}") = "DFS-2-String", "src\DSA\DataStructure\Graph\DFS\DFS-2-String\DFS-2-String.csproj", "{05280B3A-E101-486F-B030-48AAEA5D3EEF}"
EndProject
Project("{2150E333-8FDC-42A3-9474-1A3956D46DE8}") = "Dijkstra", "Dijkstra", "{79250990-3A29-40A4-B29E-C6B5E1C113F7}"
EndProject
Project("{9A19103F-16F7-4668-BE54-9A1E7A4F7556}") = "Dijkstra", "src\DSA\DataStructure\Graph\Dijkstra\Dijkstra-1\Dijkstra.csproj", "{F2CB4251-3AB8-4817-8218-828594D5523C}"
EndProject
Project("{9A19103F-16F7-4668-BE54-9A1E7A4F7556}") = "Dijkstra-2", "src\DSA\DataStructure\Graph\Dijkstra\Dijkstra-2\Dijkstra-2.csproj", "{1F1E3091-121C-4B63-B921-5BF5A3946B95}"
EndProject
Project("{2150E333-8FDC-42A3-9474-1A3956D46DE8}") = "MST", "MST", "{70384A77-A63D-454D-8C26-C2E013D1DE5F}"
EndProject
Project("{9A19103F-16F7-4668-BE54-9A1E7A4F7556}") = "KruskalMST-1", "src\DSA\DataStructure\Graph\MST\KruskalMST-1\KruskalMST-1.csproj", "{B6DD217F-A763-4254-90A6-41578C214DF4}"
EndProject
Project("{9A19103F-16F7-4668-BE54-9A1E7A4F7556}") = "PrimMST-1", "src\DSA\DataStructure\Graph\MST\PrimMST-1\PrimMST-1.csproj", "{9A2C3C33-55AF-4108-B113-AB3AFC5911ED}"
EndProject
Project("{2150E333-8FDC-42A3-9474-1A3956D46DE8}") = "Array", "Array", "{9D44A094-CE77-4A3F-8CE4-35B7DF1B1530}"
EndProject
Project("{9A19103F-16F7-4668-BE54-9A1E7A4F7556}") = "TwoSum", "src\DSA\LeetCode_Misc\LeetCode-11-2022\Array\1. Two Sum\TwoSum.csproj", "{AB46302D-5B1D-4AF6-92F9-E98ED6E28EC1}"
EndProject
Project("{9A19103F-16F7-4668-BE54-9A1E7A4F7556}") = "UnitTest1", "src\DSA\LeetCode_Misc\LeetCode-11-2022\Array\FindPairWithSumOfGivenNumber\UnitTest1.csproj", "{5563FB91-1EE1-4931-BB9B-2136BAA96B3C}"
EndProject
Project("{2150E333-8FDC-42A3-9474-1A3956D46DE8}") = "Binary", "Binary", "{5B560B92-4FD4-4AF0-859A-42D4F858F9DD}"
EndProject
Project("{9A19103F-16F7-4668-BE54-9A1E7A4F7556}") = "SumOf2Integers", "src\DSA\LeetCode_Misc\LeetCode-11-2022\Binary\SumOf2Integers\SumOf2Integers.csproj", "{F79282B0-3F7A-471B-A2DF-8DE99D7ADD45}"
EndProject
Project("{2150E333-8FDC-42A3-9474-1A3956D46DE8}") = "LinkedList", "LinkedList", "{5F17CC35-3C14-46A7-8E47-75D943EE139E}"
EndProject
Project("{9A19103F-16F7-4668-BE54-9A1E7A4F7556}") = "Merged2SortedLinkedList", "src\DSA\LeetCode_Misc\LeetCode-11-2022\LinkedList\Merged2SortedLinkedList\Merged2SortedLinkedList.csproj", "{6332BDC3-2192-46B0-96A8-E95FE1DAE855}"
EndProject
Project("{2150E333-8FDC-42A3-9474-1A3956D46DE8}") = "String", "String", "{46A53162-F48C-42A5-B2BB-51AB5332D44A}"
EndProject
Project("{9A19103F-16F7-4668-BE54-9A1E7A4F7556}") = "BoyerMoorePatternSearch", "src\DSA\LeetCode_Misc\LeetCode-11-2022\String\BoyerMoorePatternSearch\BoyerMoorePatternSearch.csproj", "{808B7E6D-9B1D-40CA-9A09-A36661ADC875}"
EndProject
Project("{2150E333-8FDC-42A3-9474-1A3956D46DE8}") = "BFS_23-8-2023 (1)", "BFS_23-8-2023", "{0D177836-BA7D-47A9-B701-C244619EF3E2}"
EndProject
Project("{9A19103F-16F7-4668-BE54-9A1E7A4F7556}") = "test", "src\DSA\DataStructure\Graph\BFS\BFS_23-8-2023\test\test.csproj", "{BD54D089-6EE3-4BCB-8B6F-1EC9B5DE87A7}"
EndProject
Project("{2150E333-8FDC-42A3-9474-1A3956D46DE8}") = "DFS-23032023", "DFS-23032023", "{D945048B-64EB-4FC6-8647-DD5EDDB10720}"
EndProject
Project("{9A19103F-16F7-4668-BE54-9A1E7A4F7556}") = "DFS-23032023", "src\DSA\DataStructure\Graph\DFS\DFS-23032023\DFS-23032023\DFS-23032023.csproj", "{DCAE0856-F885-4D8B-85DC-EA19C466940F}"
EndProject
Global
	GlobalSection(SolutionConfigurationPlatforms) = preSolution
		Debug|Any CPU = Debug|Any CPU
		Release|Any CPU = Release|Any CPU
	EndGlobalSection
	GlobalSection(ProjectConfigurationPlatforms) = postSolution
		{BF71F1C9-6B91-4E30-83AD-98A629208933}.Debug|Any CPU.ActiveCfg = Debug|Any CPU
		{BF71F1C9-6B91-4E30-83AD-98A629208933}.Debug|Any CPU.Build.0 = Debug|Any CPU
		{BF71F1C9-6B91-4E30-83AD-98A629208933}.Release|Any CPU.ActiveCfg = Release|Any CPU
		{BF71F1C9-6B91-4E30-83AD-98A629208933}.Release|Any CPU.Build.0 = Release|Any CPU
		{9310FA82-3CE8-487F-9275-1258C988158A}.Debug|Any CPU.ActiveCfg = Debug|Any CPU
		{9310FA82-3CE8-487F-9275-1258C988158A}.Debug|Any CPU.Build.0 = Debug|Any CPU
		{9310FA82-3CE8-487F-9275-1258C988158A}.Release|Any CPU.ActiveCfg = Release|Any CPU
		{9310FA82-3CE8-487F-9275-1258C988158A}.Release|Any CPU.Build.0 = Release|Any CPU
		{E968DD33-C877-4143-A578-3CDC8AB81A1F}.Debug|Any CPU.ActiveCfg = Debug|Any CPU
		{E968DD33-C877-4143-A578-3CDC8AB81A1F}.Debug|Any CPU.Build.0 = Debug|Any CPU
		{E968DD33-C877-4143-A578-3CDC8AB81A1F}.Release|Any CPU.ActiveCfg = Release|Any CPU
		{E968DD33-C877-4143-A578-3CDC8AB81A1F}.Release|Any CPU.Build.0 = Release|Any CPU
		{BBBCFEF3-9EDC-4DF7-A8A6-285A485229DD}.Debug|Any CPU.ActiveCfg = Debug|Any CPU
		{BBBCFEF3-9EDC-4DF7-A8A6-285A485229DD}.Debug|Any CPU.Build.0 = Debug|Any CPU
		{BBBCFEF3-9EDC-4DF7-A8A6-285A485229DD}.Release|Any CPU.ActiveCfg = Release|Any CPU
		{BBBCFEF3-9EDC-4DF7-A8A6-285A485229DD}.Release|Any CPU.Build.0 = Release|Any CPU
		{30E4B602-F762-4005-B913-CC125B44B8D6}.Debug|Any CPU.ActiveCfg = Debug|Any CPU
		{30E4B602-F762-4005-B913-CC125B44B8D6}.Debug|Any CPU.Build.0 = Debug|Any CPU
		{30E4B602-F762-4005-B913-CC125B44B8D6}.Release|Any CPU.ActiveCfg = Release|Any CPU
		{30E4B602-F762-4005-B913-CC125B44B8D6}.Release|Any CPU.Build.0 = Release|Any CPU
		{91894FCD-88E3-44A0-B9C4-24A3077CAC08}.Debug|Any CPU.ActiveCfg = Debug|Any CPU
		{91894FCD-88E3-44A0-B9C4-24A3077CAC08}.Debug|Any CPU.Build.0 = Debug|Any CPU
		{91894FCD-88E3-44A0-B9C4-24A3077CAC08}.Release|Any CPU.ActiveCfg = Release|Any CPU
		{91894FCD-88E3-44A0-B9C4-24A3077CAC08}.Release|Any CPU.Build.0 = Release|Any CPU
		{99D65BE3-64D5-42A3-A96F-041EAE28BFC6}.Debug|Any CPU.ActiveCfg = Debug|Any CPU
		{99D65BE3-64D5-42A3-A96F-041EAE28BFC6}.Debug|Any CPU.Build.0 = Debug|Any CPU
		{99D65BE3-64D5-42A3-A96F-041EAE28BFC6}.Release|Any CPU.ActiveCfg = Release|Any CPU
		{99D65BE3-64D5-42A3-A96F-041EAE28BFC6}.Release|Any CPU.Build.0 = Release|Any CPU
		{4C99816F-A158-433B-8046-0EED6C1D52C7}.Debug|Any CPU.ActiveCfg = Debug|Any CPU
		{4C99816F-A158-433B-8046-0EED6C1D52C7}.Debug|Any CPU.Build.0 = Debug|Any CPU
		{4C99816F-A158-433B-8046-0EED6C1D52C7}.Release|Any CPU.ActiveCfg = Release|Any CPU
		{4C99816F-A158-433B-8046-0EED6C1D52C7}.Release|Any CPU.Build.0 = Release|Any CPU
		{D478CF67-3AE0-419F-8586-83F3F1899FAD}.Debug|Any CPU.ActiveCfg = Debug|Any CPU
		{D478CF67-3AE0-419F-8586-83F3F1899FAD}.Debug|Any CPU.Build.0 = Debug|Any CPU
		{D478CF67-3AE0-419F-8586-83F3F1899FAD}.Release|Any CPU.ActiveCfg = Release|Any CPU
		{D478CF67-3AE0-419F-8586-83F3F1899FAD}.Release|Any CPU.Build.0 = Release|Any CPU
		{AC4C74FB-F9E6-4A0A-BDB6-97740FB59C1D}.Debug|Any CPU.ActiveCfg = Debug|Any CPU
		{AC4C74FB-F9E6-4A0A-BDB6-97740FB59C1D}.Debug|Any CPU.Build.0 = Debug|Any CPU
		{AC4C74FB-F9E6-4A0A-BDB6-97740FB59C1D}.Release|Any CPU.ActiveCfg = Release|Any CPU
		{AC4C74FB-F9E6-4A0A-BDB6-97740FB59C1D}.Release|Any CPU.Build.0 = Release|Any CPU
		{9D381084-1C15-4541-9981-BC1BB410D0C8}.Debug|Any CPU.ActiveCfg = Debug|Any CPU
		{9D381084-1C15-4541-9981-BC1BB410D0C8}.Debug|Any CPU.Build.0 = Debug|Any CPU
		{9D381084-1C15-4541-9981-BC1BB410D0C8}.Release|Any CPU.ActiveCfg = Release|Any CPU
		{9D381084-1C15-4541-9981-BC1BB410D0C8}.Release|Any CPU.Build.0 = Release|Any CPU
		{07B35F66-DEE1-4979-A00E-878D395D5138}.Debug|Any CPU.ActiveCfg = Debug|Any CPU
		{07B35F66-DEE1-4979-A00E-878D395D5138}.Debug|Any CPU.Build.0 = Debug|Any CPU
		{07B35F66-DEE1-4979-A00E-878D395D5138}.Release|Any CPU.ActiveCfg = Release|Any CPU
		{07B35F66-DEE1-4979-A00E-878D395D5138}.Release|Any CPU.Build.0 = Release|Any CPU
		{A3B5FD13-20AE-42BC-862C-4854BE134D90}.Debug|Any CPU.ActiveCfg = Debug|Any CPU
		{A3B5FD13-20AE-42BC-862C-4854BE134D90}.Debug|Any CPU.Build.0 = Debug|Any CPU
		{A3B5FD13-20AE-42BC-862C-4854BE134D90}.Release|Any CPU.ActiveCfg = Release|Any CPU
		{A3B5FD13-20AE-42BC-862C-4854BE134D90}.Release|Any CPU.Build.0 = Release|Any CPU
		{7D7BDDA3-F735-4934-974E-C9128E929B25}.Debug|Any CPU.ActiveCfg = Debug|Any CPU
		{7D7BDDA3-F735-4934-974E-C9128E929B25}.Debug|Any CPU.Build.0 = Debug|Any CPU
		{7D7BDDA3-F735-4934-974E-C9128E929B25}.Release|Any CPU.ActiveCfg = Release|Any CPU
		{7D7BDDA3-F735-4934-974E-C9128E929B25}.Release|Any CPU.Build.0 = Release|Any CPU
		{4B0B1F3B-132E-4153-9BE3-BC5AC67A6951}.Debug|Any CPU.ActiveCfg = Debug|Any CPU
		{4B0B1F3B-132E-4153-9BE3-BC5AC67A6951}.Debug|Any CPU.Build.0 = Debug|Any CPU
		{4B0B1F3B-132E-4153-9BE3-BC5AC67A6951}.Release|Any CPU.ActiveCfg = Release|Any CPU
		{4B0B1F3B-132E-4153-9BE3-BC5AC67A6951}.Release|Any CPU.Build.0 = Release|Any CPU
		{35EC9EB2-D48C-4AA1-B4A6-729409A541E4}.Debug|Any CPU.ActiveCfg = Debug|Any CPU
		{35EC9EB2-D48C-4AA1-B4A6-729409A541E4}.Debug|Any CPU.Build.0 = Debug|Any CPU
		{35EC9EB2-D48C-4AA1-B4A6-729409A541E4}.Release|Any CPU.ActiveCfg = Release|Any CPU
		{35EC9EB2-D48C-4AA1-B4A6-729409A541E4}.Release|Any CPU.Build.0 = Release|Any CPU
		{2E1572A2-9B77-4974-949E-87D921E96C24}.Debug|Any CPU.ActiveCfg = Debug|Any CPU
		{2E1572A2-9B77-4974-949E-87D921E96C24}.Debug|Any CPU.Build.0 = Debug|Any CPU
		{2E1572A2-9B77-4974-949E-87D921E96C24}.Release|Any CPU.ActiveCfg = Release|Any CPU
		{2E1572A2-9B77-4974-949E-87D921E96C24}.Release|Any CPU.Build.0 = Release|Any CPU
		{6442F085-AC9F-416E-AB22-93A4A7402758}.Debug|Any CPU.ActiveCfg = Debug|Any CPU
		{6442F085-AC9F-416E-AB22-93A4A7402758}.Debug|Any CPU.Build.0 = Debug|Any CPU
		{6442F085-AC9F-416E-AB22-93A4A7402758}.Release|Any CPU.ActiveCfg = Release|Any CPU
		{6442F085-AC9F-416E-AB22-93A4A7402758}.Release|Any CPU.Build.0 = Release|Any CPU
		{9165CB85-1AFB-432B-96D2-7311BCAD5D57}.Debug|Any CPU.ActiveCfg = Debug|Any CPU
		{9165CB85-1AFB-432B-96D2-7311BCAD5D57}.Debug|Any CPU.Build.0 = Debug|Any CPU
		{9165CB85-1AFB-432B-96D2-7311BCAD5D57}.Release|Any CPU.ActiveCfg = Release|Any CPU
		{9165CB85-1AFB-432B-96D2-7311BCAD5D57}.Release|Any CPU.Build.0 = Release|Any CPU
		{F873AC92-CBCB-4141-AAEA-F8EA2C55CDB7}.Debug|Any CPU.ActiveCfg = Debug|Any CPU
		{F873AC92-CBCB-4141-AAEA-F8EA2C55CDB7}.Debug|Any CPU.Build.0 = Debug|Any CPU
		{F873AC92-CBCB-4141-AAEA-F8EA2C55CDB7}.Release|Any CPU.ActiveCfg = Release|Any CPU
		{F873AC92-CBCB-4141-AAEA-F8EA2C55CDB7}.Release|Any CPU.Build.0 = Release|Any CPU
		{65C17B67-279E-4A4A-8136-3B37FD28223E}.Debug|Any CPU.ActiveCfg = Debug|Any CPU
		{65C17B67-279E-4A4A-8136-3B37FD28223E}.Debug|Any CPU.Build.0 = Debug|Any CPU
		{65C17B67-279E-4A4A-8136-3B37FD28223E}.Release|Any CPU.ActiveCfg = Release|Any CPU
		{65C17B67-279E-4A4A-8136-3B37FD28223E}.Release|Any CPU.Build.0 = Release|Any CPU
		{CA9AD812-6AA4-4C21-A9A9-076E9AB1BC47}.Debug|Any CPU.ActiveCfg = Debug|Any CPU
		{CA9AD812-6AA4-4C21-A9A9-076E9AB1BC47}.Debug|Any CPU.Build.0 = Debug|Any CPU
		{CA9AD812-6AA4-4C21-A9A9-076E9AB1BC47}.Release|Any CPU.ActiveCfg = Release|Any CPU
		{CA9AD812-6AA4-4C21-A9A9-076E9AB1BC47}.Release|Any CPU.Build.0 = Release|Any CPU
		{DE007F5F-B944-46BA-9010-A3C7336FF347}.Debug|Any CPU.ActiveCfg = Debug|Any CPU
		{DE007F5F-B944-46BA-9010-A3C7336FF347}.Debug|Any CPU.Build.0 = Debug|Any CPU
		{DE007F5F-B944-46BA-9010-A3C7336FF347}.Release|Any CPU.ActiveCfg = Release|Any CPU
		{DE007F5F-B944-46BA-9010-A3C7336FF347}.Release|Any CPU.Build.0 = Release|Any CPU
		{6E8E1D41-9CD1-40C4-9690-791E838F304C}.Debug|Any CPU.ActiveCfg = Debug|Any CPU
		{6E8E1D41-9CD1-40C4-9690-791E838F304C}.Debug|Any CPU.Build.0 = Debug|Any CPU
		{6E8E1D41-9CD1-40C4-9690-791E838F304C}.Release|Any CPU.ActiveCfg = Release|Any CPU
		{6E8E1D41-9CD1-40C4-9690-791E838F304C}.Release|Any CPU.Build.0 = Release|Any CPU
		{840C12F4-A5E1-4FA8-A150-BA06F3C87995}.Debug|Any CPU.ActiveCfg = Debug|Any CPU
		{840C12F4-A5E1-4FA8-A150-BA06F3C87995}.Debug|Any CPU.Build.0 = Debug|Any CPU
		{840C12F4-A5E1-4FA8-A150-BA06F3C87995}.Release|Any CPU.ActiveCfg = Release|Any CPU
		{840C12F4-A5E1-4FA8-A150-BA06F3C87995}.Release|Any CPU.Build.0 = Release|Any CPU
		{B9D46B1B-F165-4AA9-BC44-46D02C87A39E}.Debug|Any CPU.ActiveCfg = Debug|Any CPU
		{B9D46B1B-F165-4AA9-BC44-46D02C87A39E}.Debug|Any CPU.Build.0 = Debug|Any CPU
		{B9D46B1B-F165-4AA9-BC44-46D02C87A39E}.Release|Any CPU.ActiveCfg = Release|Any CPU
		{B9D46B1B-F165-4AA9-BC44-46D02C87A39E}.Release|Any CPU.Build.0 = Release|Any CPU
		{F608BAD5-8391-4955-A135-42FD830D37C6}.Debug|Any CPU.ActiveCfg = Debug|Any CPU
		{F608BAD5-8391-4955-A135-42FD830D37C6}.Debug|Any CPU.Build.0 = Debug|Any CPU
		{F608BAD5-8391-4955-A135-42FD830D37C6}.Release|Any CPU.ActiveCfg = Release|Any CPU
		{F608BAD5-8391-4955-A135-42FD830D37C6}.Release|Any CPU.Build.0 = Release|Any CPU
		{83D8B6DA-7D4F-43A1-A753-D5E2A1FDB0F0}.Debug|Any CPU.ActiveCfg = Debug|Any CPU
		{83D8B6DA-7D4F-43A1-A753-D5E2A1FDB0F0}.Debug|Any CPU.Build.0 = Debug|Any CPU
		{83D8B6DA-7D4F-43A1-A753-D5E2A1FDB0F0}.Release|Any CPU.ActiveCfg = Release|Any CPU
		{83D8B6DA-7D4F-43A1-A753-D5E2A1FDB0F0}.Release|Any CPU.Build.0 = Release|Any CPU
		{7A95EAA3-BEBB-4104-8E1D-245311C85D44}.Debug|Any CPU.ActiveCfg = Debug|Any CPU
		{7A95EAA3-BEBB-4104-8E1D-245311C85D44}.Debug|Any CPU.Build.0 = Debug|Any CPU
		{7A95EAA3-BEBB-4104-8E1D-245311C85D44}.Release|Any CPU.ActiveCfg = Release|Any CPU
		{7A95EAA3-BEBB-4104-8E1D-245311C85D44}.Release|Any CPU.Build.0 = Release|Any CPU
		{B617EF0F-7233-4BDB-89BA-67CF981E49E7}.Debug|Any CPU.ActiveCfg = Debug|Any CPU
		{B617EF0F-7233-4BDB-89BA-67CF981E49E7}.Debug|Any CPU.Build.0 = Debug|Any CPU
		{B617EF0F-7233-4BDB-89BA-67CF981E49E7}.Release|Any CPU.ActiveCfg = Release|Any CPU
		{B617EF0F-7233-4BDB-89BA-67CF981E49E7}.Release|Any CPU.Build.0 = Release|Any CPU
		{9605654E-5965-42F4-A2E0-7E2E5FA0A44A}.Debug|Any CPU.ActiveCfg = Debug|Any CPU
		{9605654E-5965-42F4-A2E0-7E2E5FA0A44A}.Debug|Any CPU.Build.0 = Debug|Any CPU
		{9605654E-5965-42F4-A2E0-7E2E5FA0A44A}.Release|Any CPU.ActiveCfg = Release|Any CPU
		{9605654E-5965-42F4-A2E0-7E2E5FA0A44A}.Release|Any CPU.Build.0 = Release|Any CPU
		{8C9EDE8B-5BCC-4307-8065-444115CFD830}.Debug|Any CPU.ActiveCfg = Debug|Any CPU
		{8C9EDE8B-5BCC-4307-8065-444115CFD830}.Debug|Any CPU.Build.0 = Debug|Any CPU
		{8C9EDE8B-5BCC-4307-8065-444115CFD830}.Release|Any CPU.ActiveCfg = Release|Any CPU
		{8C9EDE8B-5BCC-4307-8065-444115CFD830}.Release|Any CPU.Build.0 = Release|Any CPU
		{905463B7-4B67-44B6-B715-F0552629655D}.Debug|Any CPU.ActiveCfg = Debug|Any CPU
		{905463B7-4B67-44B6-B715-F0552629655D}.Debug|Any CPU.Build.0 = Debug|Any CPU
		{905463B7-4B67-44B6-B715-F0552629655D}.Release|Any CPU.ActiveCfg = Release|Any CPU
		{905463B7-4B67-44B6-B715-F0552629655D}.Release|Any CPU.Build.0 = Release|Any CPU
		{56179EC2-8F76-4767-A5F2-C6867AE4E32E}.Debug|Any CPU.ActiveCfg = Debug|Any CPU
		{56179EC2-8F76-4767-A5F2-C6867AE4E32E}.Debug|Any CPU.Build.0 = Debug|Any CPU
		{56179EC2-8F76-4767-A5F2-C6867AE4E32E}.Release|Any CPU.ActiveCfg = Release|Any CPU
		{56179EC2-8F76-4767-A5F2-C6867AE4E32E}.Release|Any CPU.Build.0 = Release|Any CPU
		{7D738D98-A5AA-4531-90D1-A4BFA7333FC3}.Debug|Any CPU.ActiveCfg = Debug|Any CPU
		{7D738D98-A5AA-4531-90D1-A4BFA7333FC3}.Debug|Any CPU.Build.0 = Debug|Any CPU
		{7D738D98-A5AA-4531-90D1-A4BFA7333FC3}.Release|Any CPU.ActiveCfg = Release|Any CPU
		{7D738D98-A5AA-4531-90D1-A4BFA7333FC3}.Release|Any CPU.Build.0 = Release|Any CPU
		{25BFCC69-017E-4CAE-B1D4-97679B8C8050}.Debug|Any CPU.ActiveCfg = Debug|Any CPU
		{25BFCC69-017E-4CAE-B1D4-97679B8C8050}.Debug|Any CPU.Build.0 = Debug|Any CPU
		{25BFCC69-017E-4CAE-B1D4-97679B8C8050}.Release|Any CPU.ActiveCfg = Release|Any CPU
		{25BFCC69-017E-4CAE-B1D4-97679B8C8050}.Release|Any CPU.Build.0 = Release|Any CPU
		{05280B3A-E101-486F-B030-48AAEA5D3EEF}.Debug|Any CPU.ActiveCfg = Debug|Any CPU
		{05280B3A-E101-486F-B030-48AAEA5D3EEF}.Debug|Any CPU.Build.0 = Debug|Any CPU
		{05280B3A-E101-486F-B030-48AAEA5D3EEF}.Release|Any CPU.ActiveCfg = Release|Any CPU
		{05280B3A-E101-486F-B030-48AAEA5D3EEF}.Release|Any CPU.Build.0 = Release|Any CPU
		{F2CB4251-3AB8-4817-8218-828594D5523C}.Debug|Any CPU.ActiveCfg = Debug|Any CPU
		{F2CB4251-3AB8-4817-8218-828594D5523C}.Debug|Any CPU.Build.0 = Debug|Any CPU
		{F2CB4251-3AB8-4817-8218-828594D5523C}.Release|Any CPU.ActiveCfg = Release|Any CPU
		{F2CB4251-3AB8-4817-8218-828594D5523C}.Release|Any CPU.Build.0 = Release|Any CPU
		{1F1E3091-121C-4B63-B921-5BF5A3946B95}.Debug|Any CPU.ActiveCfg = Debug|Any CPU
		{1F1E3091-121C-4B63-B921-5BF5A3946B95}.Debug|Any CPU.Build.0 = Debug|Any CPU
		{1F1E3091-121C-4B63-B921-5BF5A3946B95}.Release|Any CPU.ActiveCfg = Release|Any CPU
		{1F1E3091-121C-4B63-B921-5BF5A3946B95}.Release|Any CPU.Build.0 = Release|Any CPU
		{B6DD217F-A763-4254-90A6-41578C214DF4}.Debug|Any CPU.ActiveCfg = Debug|Any CPU
		{B6DD217F-A763-4254-90A6-41578C214DF4}.Debug|Any CPU.Build.0 = Debug|Any CPU
		{B6DD217F-A763-4254-90A6-41578C214DF4}.Release|Any CPU.ActiveCfg = Release|Any CPU
		{B6DD217F-A763-4254-90A6-41578C214DF4}.Release|Any CPU.Build.0 = Release|Any CPU
		{9A2C3C33-55AF-4108-B113-AB3AFC5911ED}.Debug|Any CPU.ActiveCfg = Debug|Any CPU
		{9A2C3C33-55AF-4108-B113-AB3AFC5911ED}.Debug|Any CPU.Build.0 = Debug|Any CPU
		{9A2C3C33-55AF-4108-B113-AB3AFC5911ED}.Release|Any CPU.ActiveCfg = Release|Any CPU
		{9A2C3C33-55AF-4108-B113-AB3AFC5911ED}.Release|Any CPU.Build.0 = Release|Any CPU
		{AB46302D-5B1D-4AF6-92F9-E98ED6E28EC1}.Debug|Any CPU.ActiveCfg = Debug|Any CPU
		{AB46302D-5B1D-4AF6-92F9-E98ED6E28EC1}.Debug|Any CPU.Build.0 = Debug|Any CPU
		{AB46302D-5B1D-4AF6-92F9-E98ED6E28EC1}.Release|Any CPU.ActiveCfg = Release|Any CPU
		{AB46302D-5B1D-4AF6-92F9-E98ED6E28EC1}.Release|Any CPU.Build.0 = Release|Any CPU
		{5563FB91-1EE1-4931-BB9B-2136BAA96B3C}.Debug|Any CPU.ActiveCfg = Debug|Any CPU
		{5563FB91-1EE1-4931-BB9B-2136BAA96B3C}.Debug|Any CPU.Build.0 = Debug|Any CPU
		{5563FB91-1EE1-4931-BB9B-2136BAA96B3C}.Release|Any CPU.ActiveCfg = Release|Any CPU
		{5563FB91-1EE1-4931-BB9B-2136BAA96B3C}.Release|Any CPU.Build.0 = Release|Any CPU
		{F79282B0-3F7A-471B-A2DF-8DE99D7ADD45}.Debug|Any CPU.ActiveCfg = Debug|Any CPU
		{F79282B0-3F7A-471B-A2DF-8DE99D7ADD45}.Debug|Any CPU.Build.0 = Debug|Any CPU
		{F79282B0-3F7A-471B-A2DF-8DE99D7ADD45}.Release|Any CPU.ActiveCfg = Release|Any CPU
		{F79282B0-3F7A-471B-A2DF-8DE99D7ADD45}.Release|Any CPU.Build.0 = Release|Any CPU
		{6332BDC3-2192-46B0-96A8-E95FE1DAE855}.Debug|Any CPU.ActiveCfg = Debug|Any CPU
		{6332BDC3-2192-46B0-96A8-E95FE1DAE855}.Debug|Any CPU.Build.0 = Debug|Any CPU
		{6332BDC3-2192-46B0-96A8-E95FE1DAE855}.Release|Any CPU.ActiveCfg = Release|Any CPU
		{6332BDC3-2192-46B0-96A8-E95FE1DAE855}.Release|Any CPU.Build.0 = Release|Any CPU
		{808B7E6D-9B1D-40CA-9A09-A36661ADC875}.Debug|Any CPU.ActiveCfg = Debug|Any CPU
		{808B7E6D-9B1D-40CA-9A09-A36661ADC875}.Debug|Any CPU.Build.0 = Debug|Any CPU
		{808B7E6D-9B1D-40CA-9A09-A36661ADC875}.Release|Any CPU.ActiveCfg = Release|Any CPU
		{808B7E6D-9B1D-40CA-9A09-A36661ADC875}.Release|Any CPU.Build.0 = Release|Any CPU
		{BD54D089-6EE3-4BCB-8B6F-1EC9B5DE87A7}.Debug|Any CPU.ActiveCfg = Debug|Any CPU
		{BD54D089-6EE3-4BCB-8B6F-1EC9B5DE87A7}.Debug|Any CPU.Build.0 = Debug|Any CPU
		{BD54D089-6EE3-4BCB-8B6F-1EC9B5DE87A7}.Release|Any CPU.ActiveCfg = Release|Any CPU
		{BD54D089-6EE3-4BCB-8B6F-1EC9B5DE87A7}.Release|Any CPU.Build.0 = Release|Any CPU
		{DCAE0856-F885-4D8B-85DC-EA19C466940F}.Debug|Any CPU.ActiveCfg = Debug|Any CPU
		{DCAE0856-F885-4D8B-85DC-EA19C466940F}.Debug|Any CPU.Build.0 = Debug|Any CPU
		{DCAE0856-F885-4D8B-85DC-EA19C466940F}.Release|Any CPU.ActiveCfg = Release|Any CPU
		{DCAE0856-F885-4D8B-85DC-EA19C466940F}.Release|Any CPU.Build.0 = Release|Any CPU
	EndGlobalSection
	GlobalSection(SolutionProperties) = preSolution
		HideSolutionNode = FALSE
	EndGlobalSection
	GlobalSection(NestedProjects) = preSolution
		{BE125670-14C9-443A-8080-FE2F1B786DA4} = {EFF9FB81-60D5-4964-A4A1-E599FBA63201}
		{A2E86767-61FF-4FDE-9F2C-351ECB1CCFFB} = {BE125670-14C9-443A-8080-FE2F1B786DA4}
		{BF71F1C9-6B91-4E30-83AD-98A629208933} = {A2E86767-61FF-4FDE-9F2C-351ECB1CCFFB}
		{9310FA82-3CE8-487F-9275-1258C988158A} = {A2E86767-61FF-4FDE-9F2C-351ECB1CCFFB}
		{6CC2D37D-A6BE-4D93-9E5E-D84186B7BC57} = {A2E86767-61FF-4FDE-9F2C-351ECB1CCFFB}
		{E968DD33-C877-4143-A578-3CDC8AB81A1F} = {6CC2D37D-A6BE-4D93-9E5E-D84186B7BC57}
		{BBBCFEF3-9EDC-4DF7-A8A6-285A485229DD} = {6CC2D37D-A6BE-4D93-9E5E-D84186B7BC57}
		{248500A9-0F95-464B-834F-9CE44128F555} = {BE125670-14C9-443A-8080-FE2F1B786DA4}
		{AD3A70DC-439B-453C-8F69-72242F987AF2} = {248500A9-0F95-464B-834F-9CE44128F555}
		{30E4B602-F762-4005-B913-CC125B44B8D6} = {AD3A70DC-439B-453C-8F69-72242F987AF2}
		{91894FCD-88E3-44A0-B9C4-24A3077CAC08} = {AD3A70DC-439B-453C-8F69-72242F987AF2}
		{99D65BE3-64D5-42A3-A96F-041EAE28BFC6} = {AD3A70DC-439B-453C-8F69-72242F987AF2}
		{4C99816F-A158-433B-8046-0EED6C1D52C7} = {AD3A70DC-439B-453C-8F69-72242F987AF2}
		{D478CF67-3AE0-419F-8586-83F3F1899FAD} = {AD3A70DC-439B-453C-8F69-72242F987AF2}
		{AC4C74FB-F9E6-4A0A-BDB6-97740FB59C1D} = {AD3A70DC-439B-453C-8F69-72242F987AF2}
		{9D381084-1C15-4541-9981-BC1BB410D0C8} = {AD3A70DC-439B-453C-8F69-72242F987AF2}
		{07B35F66-DEE1-4979-A00E-878D395D5138} = {AD3A70DC-439B-453C-8F69-72242F987AF2}
		{A3B5FD13-20AE-42BC-862C-4854BE134D90} = {AD3A70DC-439B-453C-8F69-72242F987AF2}
		{7D7BDDA3-F735-4934-974E-C9128E929B25} = {AD3A70DC-439B-453C-8F69-72242F987AF2}
		{4B0B1F3B-132E-4153-9BE3-BC5AC67A6951} = {AD3A70DC-439B-453C-8F69-72242F987AF2}
		{35EC9EB2-D48C-4AA1-B4A6-729409A541E4} = {AD3A70DC-439B-453C-8F69-72242F987AF2}
		{2E1572A2-9B77-4974-949E-87D921E96C24} = {AD3A70DC-439B-453C-8F69-72242F987AF2}
		{6442F085-AC9F-416E-AB22-93A4A7402758} = {AD3A70DC-439B-453C-8F69-72242F987AF2}
		{9165CB85-1AFB-432B-96D2-7311BCAD5D57} = {AD3A70DC-439B-453C-8F69-72242F987AF2}
		{F873AC92-CBCB-4141-AAEA-F8EA2C55CDB7} = {AD3A70DC-439B-453C-8F69-72242F987AF2}
		{65C17B67-279E-4A4A-8136-3B37FD28223E} = {AD3A70DC-439B-453C-8F69-72242F987AF2}
		{CA9AD812-6AA4-4C21-A9A9-076E9AB1BC47} = {AD3A70DC-439B-453C-8F69-72242F987AF2}
		{DE007F5F-B944-46BA-9010-A3C7336FF347} = {AD3A70DC-439B-453C-8F69-72242F987AF2}
		{6E8E1D41-9CD1-40C4-9690-791E838F304C} = {AD3A70DC-439B-453C-8F69-72242F987AF2}
		{71BB0661-1C96-411C-80ED-52A44384414A} = {248500A9-0F95-464B-834F-9CE44128F555}
		{840C12F4-A5E1-4FA8-A150-BA06F3C87995} = {71BB0661-1C96-411C-80ED-52A44384414A}
		{B9D46B1B-F165-4AA9-BC44-46D02C87A39E} = {71BB0661-1C96-411C-80ED-52A44384414A}
		{F608BAD5-8391-4955-A135-42FD830D37C6} = {71BB0661-1C96-411C-80ED-52A44384414A}
		{83D8B6DA-7D4F-43A1-A753-D5E2A1FDB0F0} = {71BB0661-1C96-411C-80ED-52A44384414A}
		{E160047A-4317-4455-B140-6AA3EF7E36E8} = {BE125670-14C9-443A-8080-FE2F1B786DA4}
		{0C8F80F1-ABA0-44C7-8698-BEBBCAC48FF6} = {E160047A-4317-4455-B140-6AA3EF7E36E8}
		{7A95EAA3-BEBB-4104-8E1D-245311C85D44} = {0C8F80F1-ABA0-44C7-8698-BEBBCAC48FF6}
		{B617EF0F-7233-4BDB-89BA-67CF981E49E7} = {0C8F80F1-ABA0-44C7-8698-BEBBCAC48FF6}
		{9605654E-5965-42F4-A2E0-7E2E5FA0A44A} = {0C8F80F1-ABA0-44C7-8698-BEBBCAC48FF6}
		{8C9EDE8B-5BCC-4307-8065-444115CFD830} = {0C8F80F1-ABA0-44C7-8698-BEBBCAC48FF6}
		{905463B7-4B67-44B6-B715-F0552629655D} = {0C8F80F1-ABA0-44C7-8698-BEBBCAC48FF6}
		{5C2630C4-FB3C-47EA-8E12-8E05FCD92810} = {6CC2D37D-A6BE-4D93-9E5E-D84186B7BC57}
		{56179EC2-8F76-4767-A5F2-C6867AE4E32E} = {5C2630C4-FB3C-47EA-8E12-8E05FCD92810}
		{C32C2B96-EF48-46D5-B397-58CC6111A490} = {6CC2D37D-A6BE-4D93-9E5E-D84186B7BC57}
		{7D738D98-A5AA-4531-90D1-A4BFA7333FC3} = {C32C2B96-EF48-46D5-B397-58CC6111A490}
		{C12DCE69-682C-488C-978A-EC280E142F23} = {6CC2D37D-A6BE-4D93-9E5E-D84186B7BC57}
		{25BFCC69-017E-4CAE-B1D4-97679B8C8050} = {C12DCE69-682C-488C-978A-EC280E142F23}
		{05280B3A-E101-486F-B030-48AAEA5D3EEF} = {C12DCE69-682C-488C-978A-EC280E142F23}
		{79250990-3A29-40A4-B29E-C6B5E1C113F7} = {6CC2D37D-A6BE-4D93-9E5E-D84186B7BC57}
		{F2CB4251-3AB8-4817-8218-828594D5523C} = {79250990-3A29-40A4-B29E-C6B5E1C113F7}
		{1F1E3091-121C-4B63-B921-5BF5A3946B95} = {79250990-3A29-40A4-B29E-C6B5E1C113F7}
		{70384A77-A63D-454D-8C26-C2E013D1DE5F} = {6CC2D37D-A6BE-4D93-9E5E-D84186B7BC57}
		{B6DD217F-A763-4254-90A6-41578C214DF4} = {70384A77-A63D-454D-8C26-C2E013D1DE5F}
		{9A2C3C33-55AF-4108-B113-AB3AFC5911ED} = {70384A77-A63D-454D-8C26-C2E013D1DE5F}
		{9D44A094-CE77-4A3F-8CE4-35B7DF1B1530} = {AD3A70DC-439B-453C-8F69-72242F987AF2}
		{AB46302D-5B1D-4AF6-92F9-E98ED6E28EC1} = {9D44A094-CE77-4A3F-8CE4-35B7DF1B1530}
		{5563FB91-1EE1-4931-BB9B-2136BAA96B3C} = {9D44A094-CE77-4A3F-8CE4-35B7DF1B1530}
		{5B560B92-4FD4-4AF0-859A-42D4F858F9DD} = {AD3A70DC-439B-453C-8F69-72242F987AF2}
		{F79282B0-3F7A-471B-A2DF-8DE99D7ADD45} = {5B560B92-4FD4-4AF0-859A-42D4F858F9DD}
		{5F17CC35-3C14-46A7-8E47-75D943EE139E} = {AD3A70DC-439B-453C-8F69-72242F987AF2}
		{6332BDC3-2192-46B0-96A8-E95FE1DAE855} = {5F17CC35-3C14-46A7-8E47-75D943EE139E}
		{46A53162-F48C-42A5-B2BB-51AB5332D44A} = {AD3A70DC-439B-453C-8F69-72242F987AF2}
		{808B7E6D-9B1D-40CA-9A09-A36661ADC875} = {46A53162-F48C-42A5-B2BB-51AB5332D44A}
		{0D177836-BA7D-47A9-B701-C244619EF3E2} = {5C2630C4-FB3C-47EA-8E12-8E05FCD92810}
		{BD54D089-6EE3-4BCB-8B6F-1EC9B5DE87A7} = {0D177836-BA7D-47A9-B701-C244619EF3E2}
		{D945048B-64EB-4FC6-8647-DD5EDDB10720} = {C12DCE69-682C-488C-978A-EC280E142F23}
		{DCAE0856-F885-4D8B-85DC-EA19C466940F} = {D945048B-64EB-4FC6-8647-DD5EDDB10720}
	EndGlobalSection
	GlobalSection(ExtensibilityGlobals) = postSolution
		SolutionGuid = {228C8C37-C1C6-4BC8-9703-758F0328AF43}
	EndGlobalSection
EndGlobal
